
Microsoft Visual Studio Solution File, Format Version 12.00
# Visual Studio Version 17
VisualStudioVersion = 17.8.34511.84
MinimumVisualStudioVersion = 10.0.40219.1
Project("{FAE04EC0-301F-11D3-BF4B-00C04F79EFBC}") = "WpfApp1", "WpfApp1\WpfApp1.csproj", "{ACA28C20-5BB3-40AC-8B7E-213D614F35F1}"
EndProject
Global
	GlobalSection(SolutionConfigurationPlatforms) = preSolution
		Debug|Any CPU = Debug|Any CPU
		Release|Any CPU = Release|Any CPU
	EndGlobalSection
	GlobalSection(ProjectConfigurationPlatforms) = postSolution
		{ACA28C20-5BB3-40AC-8B7E-213D614F35F1}.Debug|Any CPU.ActiveCfg = Debug|Any CPU
		{ACA28C20-5BB3-40AC-8B7E-213D614F35F1}.Debug|Any CPU.Build.0 = Debug|Any CPU
		{ACA28C20-5BB3-40AC-8B7E-213D614F35F1}.Release|Any CPU.ActiveCfg = Release|Any CPU
		{ACA28C20-5BB3-40AC-8B7E-213D614F35F1}.Release|Any CPU.Build.0 = Release|Any CPU
	EndGlobalSection
	GlobalSection(SolutionProperties) = preSolution
		HideSolutionNode = FALSE
	EndGlobalSection
	GlobalSection(ExtensibilityGlobals) = postSolution
		SolutionGuid = {9850F6D7-7111-4B63-8584-78E7781A02B7}
	EndGlobalSection
EndGlobal
